// !$*UTF8*$!
{
	archiveVersion = 1;
	classes = {
	};
	objectVersion = 56;
	objects = {

/* Begin PBXBuildFile section */
		FF10BDB92BC9683A007D687B /* UpcomingScheduleView.swift in Sources */ = {isa = PBXBuildFile; fileRef = FF10BDB82BC9683A007D687B /* UpcomingScheduleView.swift */; };
		FF15598F2AE5FA8000F4E25F /* EventStore.swift in Sources */ = {isa = PBXBuildFile; fileRef = FF15598E2AE5FA8000F4E25F /* EventStore.swift */; };
		FF1559942AE637DF00F4E25F /* RepeatType.swift in Sources */ = {isa = PBXBuildFile; fileRef = FF1559932AE637DF00F4E25F /* RepeatType.swift */; };
		FF1559962AE65B2700F4E25F /* EventStoreError.swift in Sources */ = {isa = PBXBuildFile; fileRef = FF1559952AE65B2700F4E25F /* EventStoreError.swift */; };
		FF1559982AE65C1300F4E25F /* EventStore+Auth.swift in Sources */ = {isa = PBXBuildFile; fileRef = FF1559972AE65C1300F4E25F /* EventStore+Auth.swift */; };
		FF20DD202AE75D2300C93B43 /* AddNewTodoView.swift in Sources */ = {isa = PBXBuildFile; fileRef = FF20DD1F2AE75D2300C93B43 /* AddNewTodoView.swift */; };
		FF20DD222AE8BDEA00C93B43 /* ScheduleTodoCellView.swift in Sources */ = {isa = PBXBuildFile; fileRef = FF20DD212AE8BDEA00C93B43 /* ScheduleTodoCellView.swift */; };
		FF41EB002AD8CCB9002FD4A9 /* EazyCalApp.swift in Sources */ = {isa = PBXBuildFile; fileRef = FF41EAFF2AD8CCB9002FD4A9 /* EazyCalApp.swift */; };
		FF41EB022AD8CCB9002FD4A9 /* Home.swift in Sources */ = {isa = PBXBuildFile; fileRef = FF41EB012AD8CCB9002FD4A9 /* Home.swift */; };
		FF41EB042AD8CCBB002FD4A9 /* Assets.xcassets in Resources */ = {isa = PBXBuildFile; fileRef = FF41EB032AD8CCBB002FD4A9 /* Assets.xcassets */; };
		FF41EB072AD8CCBB002FD4A9 /* Preview Assets.xcassets in Resources */ = {isa = PBXBuildFile; fileRef = FF41EB062AD8CCBB002FD4A9 /* Preview Assets.xcassets */; };
		FF478D712AEA39A20073EF32 /* CalendarTabView.swift in Sources */ = {isa = PBXBuildFile; fileRef = FF478D702AEA39A20073EF32 /* CalendarTabView.swift */; };
		FF478D752AEA42DE0073EF32 /* CalendarViewModel.swift in Sources */ = {isa = PBXBuildFile; fileRef = FF478D742AEA42DE0073EF32 /* CalendarViewModel.swift */; };
		FF54FA2D2ADFA8D400996AC9 /* RepeatSelectedButton.swift in Sources */ = {isa = PBXBuildFile; fileRef = FF54FA2C2ADFA8D400996AC9 /* RepeatSelectedButton.swift */; };
		FF54FA352ADFC69100996AC9 /* CustomPicker.swift in Sources */ = {isa = PBXBuildFile; fileRef = FF54FA342ADFC69100996AC9 /* CustomPicker.swift */; };
		FF57590E2ADB9A86001E588F /* CategoryLabel.swift in Sources */ = {isa = PBXBuildFile; fileRef = FF57590D2ADB9A86001E588F /* CategoryLabel.swift */; };
		FF5759112ADB9CC3001E588F /* SFSymbol.swift in Sources */ = {isa = PBXBuildFile; fileRef = FF5759102ADB9CC3001E588F /* SFSymbol.swift */; };
		FF5759132ADB9EEF001E588F /* TemplateLabel.swift in Sources */ = {isa = PBXBuildFile; fileRef = FF5759122ADB9EEF001E588F /* TemplateLabel.swift */; };
		FF5759172ADBA50F001E588F /* TodoLabel.swift in Sources */ = {isa = PBXBuildFile; fileRef = FF5759162ADBA50F001E588F /* TodoLabel.swift */; };
		FF57591B2ADBA578001E588F /* Importance.swift in Sources */ = {isa = PBXBuildFile; fileRef = FF57591A2ADBA578001E588F /* Importance.swift */; };
		FF57591E2ADBAFDA001E588F /* CalendarCategoryView.swift in Sources */ = {isa = PBXBuildFile; fileRef = FF57591D2ADBAFDA001E588F /* CalendarCategoryView.swift */; };
		FF5759242ADBC320001E588F /* TemplateView.swift in Sources */ = {isa = PBXBuildFile; fileRef = FF5759232ADBC320001E588F /* TemplateView.swift */; };
		FF57592C2ADBCC94001E588F /* TodoView.swift in Sources */ = {isa = PBXBuildFile; fileRef = FF57592B2ADBCC94001E588F /* TodoView.swift */; };
		FF5759302ADBCD7F001E588F /* IndexCategory.swift in Sources */ = {isa = PBXBuildFile; fileRef = FF57592F2ADBCD7F001E588F /* IndexCategory.swift */; };
		FF5759542ADC0D83001E588F /* CalenderView.swift in Sources */ = {isa = PBXBuildFile; fileRef = FF5759532ADC0D83001E588F /* CalenderView.swift */; };
		FF5759562ADC0F0A001E588F /* EventStoreManager.swift in Sources */ = {isa = PBXBuildFile; fileRef = FF5759552ADC0F0A001E588F /* EventStoreManager.swift */; };
		FF5759582ADC1AC1001E588F /* CalendarCell.swift in Sources */ = {isa = PBXBuildFile; fileRef = FF5759572ADC1AC1001E588F /* CalendarCell.swift */; };
		FF57595A2ADC1B51001E588F /* Month.swift in Sources */ = {isa = PBXBuildFile; fileRef = FF5759592ADC1B51001E588F /* Month.swift */; };
		FF6B63622ADD67A400CB33A0 /* AddSchedulerView.swift in Sources */ = {isa = PBXBuildFile; fileRef = FF6B63612ADD67A400CB33A0 /* AddSchedulerView.swift */; };
		FF6BE0B92AE205CD00CB7397 /* CaledarCategoryLabelView.swift in Sources */ = {isa = PBXBuildFile; fileRef = FF6BE0B82AE205CD00CB7397 /* CaledarCategoryLabelView.swift */; };
		FFC1E6E02B0DD96E00CBCA88 /* CellViewType.swift in Sources */ = {isa = PBXBuildFile; fileRef = FFC1E6DF2B0DD96E00CBCA88 /* CellViewType.swift */; };
		FFC1E6E32B0E06FB00CBCA88 /* EditSchedulePopoverView.swift in Sources */ = {isa = PBXBuildFile; fileRef = FFC1E6E22B0E06FB00CBCA88 /* EditSchedulePopoverView.swift */; };
		FFC1E6E62B13495A00CBCA88 /* ScheduleListView.swift in Sources */ = {isa = PBXBuildFile; fileRef = FFC1E6E52B13495A00CBCA88 /* ScheduleListView.swift */; };
		FFDBD7812B01D08A00AB2A57 /* CalendarCategoryPopoverView.swift in Sources */ = {isa = PBXBuildFile; fileRef = FFDBD7802B01D08A00AB2A57 /* CalendarCategoryPopoverView.swift */; };
		FFDBD7832B01D35C00AB2A57 /* Template.swift in Sources */ = {isa = PBXBuildFile; fileRef = FFDBD7822B01D35C00AB2A57 /* Template.swift */; };
		FFDBD7892B01E32F00AB2A57 /* CalendarCategory.swift in Sources */ = {isa = PBXBuildFile; fileRef = FFDBD7882B01E32F00AB2A57 /* CalendarCategory.swift */; };
		FFE4B8F42BDBE41E00411F5C /* Localizable.xcstrings in Resources */ = {isa = PBXBuildFile; fileRef = FFE4B8F32BDBE41E00411F5C /* Localizable.xcstrings */; };
		FFF59D2A2B01A2CA0071761E /* TabButton.swift in Sources */ = {isa = PBXBuildFile; fileRef = FFF59D292B01A2CA0071761E /* TabButton.swift */; };
/* End PBXBuildFile section */

/* Begin PBXFileReference section */
		FF10BDB82BC9683A007D687B /* UpcomingScheduleView.swift */ = {isa = PBXFileReference; lastKnownFileType = sourcecode.swift; path = UpcomingScheduleView.swift; sourceTree = "<group>"; };
		FF15598E2AE5FA8000F4E25F /* EventStore.swift */ = {isa = PBXFileReference; lastKnownFileType = sourcecode.swift; path = EventStore.swift; sourceTree = "<group>"; };
		FF1559932AE637DF00F4E25F /* RepeatType.swift */ = {isa = PBXFileReference; lastKnownFileType = sourcecode.swift; path = RepeatType.swift; sourceTree = "<group>"; };
		FF1559952AE65B2700F4E25F /* EventStoreError.swift */ = {isa = PBXFileReference; lastKnownFileType = sourcecode.swift; path = EventStoreError.swift; sourceTree = "<group>"; };
		FF1559972AE65C1300F4E25F /* EventStore+Auth.swift */ = {isa = PBXFileReference; lastKnownFileType = sourcecode.swift; path = "EventStore+Auth.swift"; sourceTree = "<group>"; };
		FF20DD1F2AE75D2300C93B43 /* AddNewTodoView.swift */ = {isa = PBXFileReference; lastKnownFileType = sourcecode.swift; path = AddNewTodoView.swift; sourceTree = "<group>"; };
		FF20DD212AE8BDEA00C93B43 /* ScheduleTodoCellView.swift */ = {isa = PBXFileReference; lastKnownFileType = sourcecode.swift; path = ScheduleTodoCellView.swift; sourceTree = "<group>"; };
		FF41EAFC2AD8CCB9002FD4A9 /* EazyCal.app */ = {isa = PBXFileReference; explicitFileType = wrapper.application; includeInIndex = 0; path = EazyCal.app; sourceTree = BUILT_PRODUCTS_DIR; };
		FF41EAFF2AD8CCB9002FD4A9 /* EazyCalApp.swift */ = {isa = PBXFileReference; lastKnownFileType = sourcecode.swift; path = EazyCalApp.swift; sourceTree = "<group>"; };
		FF41EB012AD8CCB9002FD4A9 /* Home.swift */ = {isa = PBXFileReference; lastKnownFileType = sourcecode.swift; path = Home.swift; sourceTree = "<group>"; };
		FF41EB032AD8CCBB002FD4A9 /* Assets.xcassets */ = {isa = PBXFileReference; lastKnownFileType = folder.assetcatalog; path = Assets.xcassets; sourceTree = "<group>"; };
		FF41EB062AD8CCBB002FD4A9 /* Preview Assets.xcassets */ = {isa = PBXFileReference; lastKnownFileType = folder.assetcatalog; path = "Preview Assets.xcassets"; sourceTree = "<group>"; };
		FF41EB0D2AD8CCBB002FD4A9 /* EazyCal.entitlements */ = {isa = PBXFileReference; lastKnownFileType = text.plist.entitlements; path = EazyCal.entitlements; sourceTree = "<group>"; };
		FF41EB0E2AD8CCBB002FD4A9 /* Info.plist */ = {isa = PBXFileReference; lastKnownFileType = text.plist.xml; path = Info.plist; sourceTree = "<group>"; };
		FF478D702AEA39A20073EF32 /* CalendarTabView.swift */ = {isa = PBXFileReference; lastKnownFileType = sourcecode.swift; path = CalendarTabView.swift; sourceTree = "<group>"; };
		FF478D742AEA42DE0073EF32 /* CalendarViewModel.swift */ = {isa = PBXFileReference; lastKnownFileType = sourcecode.swift; path = CalendarViewModel.swift; sourceTree = "<group>"; };
		FF54FA2C2ADFA8D400996AC9 /* RepeatSelectedButton.swift */ = {isa = PBXFileReference; lastKnownFileType = sourcecode.swift; path = RepeatSelectedButton.swift; sourceTree = "<group>"; };
		FF54FA342ADFC69100996AC9 /* CustomPicker.swift */ = {isa = PBXFileReference; lastKnownFileType = sourcecode.swift; path = CustomPicker.swift; sourceTree = "<group>"; };
		FF57590D2ADB9A86001E588F /* CategoryLabel.swift */ = {isa = PBXFileReference; lastKnownFileType = sourcecode.swift; path = CategoryLabel.swift; sourceTree = "<group>"; };
		FF5759102ADB9CC3001E588F /* SFSymbol.swift */ = {isa = PBXFileReference; lastKnownFileType = sourcecode.swift; path = SFSymbol.swift; sourceTree = "<group>"; };
		FF5759122ADB9EEF001E588F /* TemplateLabel.swift */ = {isa = PBXFileReference; lastKnownFileType = sourcecode.swift; path = TemplateLabel.swift; sourceTree = "<group>"; };
		FF5759162ADBA50F001E588F /* TodoLabel.swift */ = {isa = PBXFileReference; lastKnownFileType = sourcecode.swift; path = TodoLabel.swift; sourceTree = "<group>"; };
		FF57591A2ADBA578001E588F /* Importance.swift */ = {isa = PBXFileReference; lastKnownFileType = sourcecode.swift; path = Importance.swift; sourceTree = "<group>"; };
		FF57591D2ADBAFDA001E588F /* CalendarCategoryView.swift */ = {isa = PBXFileReference; lastKnownFileType = sourcecode.swift; path = CalendarCategoryView.swift; sourceTree = "<group>"; };
		FF5759232ADBC320001E588F /* TemplateView.swift */ = {isa = PBXFileReference; lastKnownFileType = sourcecode.swift; path = TemplateView.swift; sourceTree = "<group>"; };
		FF57592B2ADBCC94001E588F /* TodoView.swift */ = {isa = PBXFileReference; lastKnownFileType = sourcecode.swift; path = TodoView.swift; sourceTree = "<group>"; };
		FF57592F2ADBCD7F001E588F /* IndexCategory.swift */ = {isa = PBXFileReference; lastKnownFileType = sourcecode.swift; path = IndexCategory.swift; sourceTree = "<group>"; };
		FF5759532ADC0D83001E588F /* CalenderView.swift */ = {isa = PBXFileReference; lastKnownFileType = sourcecode.swift; path = CalenderView.swift; sourceTree = "<group>"; };
		FF5759552ADC0F0A001E588F /* EventStoreManager.swift */ = {isa = PBXFileReference; lastKnownFileType = sourcecode.swift; path = EventStoreManager.swift; sourceTree = "<group>"; };
		FF5759572ADC1AC1001E588F /* CalendarCell.swift */ = {isa = PBXFileReference; lastKnownFileType = sourcecode.swift; path = CalendarCell.swift; sourceTree = "<group>"; };
		FF5759592ADC1B51001E588F /* Month.swift */ = {isa = PBXFileReference; lastKnownFileType = sourcecode.swift; path = Month.swift; sourceTree = "<group>"; };
		FF6B63612ADD67A400CB33A0 /* AddSchedulerView.swift */ = {isa = PBXFileReference; lastKnownFileType = sourcecode.swift; path = AddSchedulerView.swift; sourceTree = "<group>"; };
		FF6BE0B82AE205CD00CB7397 /* CaledarCategoryLabelView.swift */ = {isa = PBXFileReference; lastKnownFileType = sourcecode.swift; path = CaledarCategoryLabelView.swift; sourceTree = "<group>"; };
		FFC1E6DF2B0DD96E00CBCA88 /* CellViewType.swift */ = {isa = PBXFileReference; lastKnownFileType = sourcecode.swift; path = CellViewType.swift; sourceTree = "<group>"; };
		FFC1E6E22B0E06FB00CBCA88 /* EditSchedulePopoverView.swift */ = {isa = PBXFileReference; lastKnownFileType = sourcecode.swift; path = EditSchedulePopoverView.swift; sourceTree = "<group>"; };
		FFC1E6E52B13495A00CBCA88 /* ScheduleListView.swift */ = {isa = PBXFileReference; lastKnownFileType = sourcecode.swift; path = ScheduleListView.swift; sourceTree = "<group>"; };
		FFDBD7802B01D08A00AB2A57 /* CalendarCategoryPopoverView.swift */ = {isa = PBXFileReference; lastKnownFileType = sourcecode.swift; path = CalendarCategoryPopoverView.swift; sourceTree = "<group>"; };
		FFDBD7822B01D35C00AB2A57 /* Template.swift */ = {isa = PBXFileReference; lastKnownFileType = sourcecode.swift; path = Template.swift; sourceTree = "<group>"; };
		FFDBD7882B01E32F00AB2A57 /* CalendarCategory.swift */ = {isa = PBXFileReference; lastKnownFileType = sourcecode.swift; path = CalendarCategory.swift; sourceTree = "<group>"; };
		FFE4B8F32BDBE41E00411F5C /* Localizable.xcstrings */ = {isa = PBXFileReference; lastKnownFileType = text.json.xcstrings; path = Localizable.xcstrings; sourceTree = "<group>"; };
		FFF59D292B01A2CA0071761E /* TabButton.swift */ = {isa = PBXFileReference; lastKnownFileType = sourcecode.swift; path = TabButton.swift; sourceTree = "<group>"; };
/* End PBXFileReference section */

/* Begin PBXFrameworksBuildPhase section */
		FF41EAF92AD8CCB9002FD4A9 /* Frameworks */ = {
			isa = PBXFrameworksBuildPhase;
			buildActionMask = 2147483647;
			files = (
			);
			runOnlyForDeploymentPostprocessing = 0;
		};
/* End PBXFrameworksBuildPhase section */

/* Begin PBXGroup section */
		FF15598D2AE5FA6C00F4E25F /* Store */ = {
			isa = PBXGroup;
			children = (
				FF15598E2AE5FA8000F4E25F /* EventStore.swift */,
				FF1559972AE65C1300F4E25F /* EventStore+Auth.swift */,
				FF1559952AE65B2700F4E25F /* EventStoreError.swift */,
				FF5759552ADC0F0A001E588F /* EventStoreManager.swift */,
			);
			path = Store;
			sourceTree = "<group>";
		};
		FF41EAF32AD8CCB9002FD4A9 = {
			isa = PBXGroup;
			children = (
				FF41EAFE2AD8CCB9002FD4A9 /* EazyCal */,
				FF41EAFD2AD8CCB9002FD4A9 /* Products */,
			);
			sourceTree = "<group>";
		};
		FF41EAFD2AD8CCB9002FD4A9 /* Products */ = {
			isa = PBXGroup;
			children = (
				FF41EAFC2AD8CCB9002FD4A9 /* EazyCal.app */,
			);
			name = Products;
			sourceTree = "<group>";
		};
		FF41EAFE2AD8CCB9002FD4A9 /* EazyCal */ = {
			isa = PBXGroup;
			children = (
				FF41EB0E2AD8CCBB002FD4A9 /* Info.plist */,
				FF41EB0D2AD8CCBB002FD4A9 /* EazyCal.entitlements */,
				FF41EAFF2AD8CCB9002FD4A9 /* EazyCalApp.swift */,
				FF41EB012AD8CCB9002FD4A9 /* Home.swift */,
				FF57590F2ADB9CB3001E588F /* Resource */,
				FF15598D2AE5FA6C00F4E25F /* Store */,
				FFDBD77D2B01A73700AB2A57 /* View */,
				FF5759192ADBA56C001E588F /* Model */,
				FF41EB052AD8CCBB002FD4A9 /* Preview Content */,
			);
			path = EazyCal;
			sourceTree = "<group>";
		};
		FF41EB052AD8CCBB002FD4A9 /* Preview Content */ = {
			isa = PBXGroup;
			children = (
				FF41EB062AD8CCBB002FD4A9 /* Preview Assets.xcassets */,
			);
			path = "Preview Content";
			sourceTree = "<group>";
		};
		FF57590B2ADB9A65001E588F /* Todo */ = {
			isa = PBXGroup;
			children = (
				FF57592B2ADBCC94001E588F /* TodoView.swift */,
				FF5759162ADBA50F001E588F /* TodoLabel.swift */,
				FF20DD212AE8BDEA00C93B43 /* ScheduleTodoCellView.swift */,
			);
			path = Todo;
			sourceTree = "<group>";
		};
		FF57590C2ADB9A6A001E588F /* Calendar */ = {
			isa = PBXGroup;
			children = (
				FF5759532ADC0D83001E588F /* CalenderView.swift */,
				FF5759572ADC1AC1001E588F /* CalendarCell.swift */,
				FF6BE0B82AE205CD00CB7397 /* CaledarCategoryLabelView.swift */,
				FFDBD7802B01D08A00AB2A57 /* CalendarCategoryPopoverView.swift */,
				FF478D742AEA42DE0073EF32 /* CalendarViewModel.swift */,
				FF5759122ADB9EEF001E588F /* TemplateLabel.swift */,
				FF54FA2C2ADFA8D400996AC9 /* RepeatSelectedButton.swift */,
				FF54FA342ADFC69100996AC9 /* CustomPicker.swift */,
			);
			path = Calendar;
			sourceTree = "<group>";
		};
		FF57590F2ADB9CB3001E588F /* Resource */ = {
			isa = PBXGroup;
			children = (
				FF41EB032AD8CCBB002FD4A9 /* Assets.xcassets */,
				FF5759102ADB9CC3001E588F /* SFSymbol.swift */,
				FFE4B8F32BDBE41E00411F5C /* Localizable.xcstrings */,
			);
			path = Resource;
			sourceTree = "<group>";
		};
		FF5759192ADBA56C001E588F /* Model */ = {
			isa = PBXGroup;
			children = (
				FFDBD7882B01E32F00AB2A57 /* CalendarCategory.swift */,
				FF57592F2ADBCD7F001E588F /* IndexCategory.swift */,
				FF57591A2ADBA578001E588F /* Importance.swift */,
				FF5759592ADC1B51001E588F /* Month.swift */,
				FF1559932AE637DF00F4E25F /* RepeatType.swift */,
				FFDBD7822B01D35C00AB2A57 /* Template.swift */,
				FFC1E6DF2B0DD96E00CBCA88 /* CellViewType.swift */,
			);
			path = Model;
			sourceTree = "<group>";
		};
		FFC1E6E12B0E06F000CBCA88 /* PopoverView */ = {
			isa = PBXGroup;
			children = (
				FFC1E6E22B0E06FB00CBCA88 /* EditSchedulePopoverView.swift */,
				FF6B63612ADD67A400CB33A0 /* AddSchedulerView.swift */,
				FF20DD1F2AE75D2300C93B43 /* AddNewTodoView.swift */,
			);
			path = PopoverView;
			sourceTree = "<group>";
		};
		FFC1E6E42B13494600CBCA88 /* ScheduleList */ = {
			isa = PBXGroup;
			children = (
				FFC1E6E52B13495A00CBCA88 /* ScheduleListView.swift */,
				FF10BDB82BC9683A007D687B /* UpcomingScheduleView.swift */,
			);
			path = ScheduleList;
			sourceTree = "<group>";
		};
		FFDBD77D2B01A73700AB2A57 /* View */ = {
			isa = PBXGroup;
			children = (
				FFF59D292B01A2CA0071761E /* TabButton.swift */,
				FF478D702AEA39A20073EF32 /* CalendarTabView.swift */,
				FF57591D2ADBAFDA001E588F /* CalendarCategoryView.swift */,
				FF57590D2ADB9A86001E588F /* CategoryLabel.swift */,
				FF5759232ADBC320001E588F /* TemplateView.swift */,
				FFC1E6E12B0E06F000CBCA88 /* PopoverView */,
				FF57590C2ADB9A6A001E588F /* Calendar */,
				FF57590B2ADB9A65001E588F /* Todo */,
				FFC1E6E42B13494600CBCA88 /* ScheduleList */,
			);
			path = View;
			sourceTree = "<group>";
		};
/* End PBXGroup section */

/* Begin PBXNativeTarget section */
		FF41EAFB2AD8CCB9002FD4A9 /* EazyCal */ = {
			isa = PBXNativeTarget;
			buildConfigurationList = FF41EB112AD8CCBB002FD4A9 /* Build configuration list for PBXNativeTarget "EazyCal" */;
			buildPhases = (
				FF41EAF82AD8CCB9002FD4A9 /* Sources */,
				FF41EAF92AD8CCB9002FD4A9 /* Frameworks */,
				FF41EAFA2AD8CCB9002FD4A9 /* Resources */,
			);
			buildRules = (
			);
			dependencies = (
			);
			name = EazyCal;
			productName = EazyCal;
			productReference = FF41EAFC2AD8CCB9002FD4A9 /* EazyCal.app */;
			productType = "com.apple.product-type.application";
		};
/* End PBXNativeTarget section */

/* Begin PBXProject section */
		FF41EAF42AD8CCB9002FD4A9 /* Project object */ = {
			isa = PBXProject;
			attributes = {
				BuildIndependentTargetsInParallel = 1;
				LastSwiftUpdateCheck = 1500;
				LastUpgradeCheck = 1500;
				TargetAttributes = {
					FF41EAFB2AD8CCB9002FD4A9 = {
						CreatedOnToolsVersion = 15.0;
					};
				};
			};
			buildConfigurationList = FF41EAF72AD8CCB9002FD4A9 /* Build configuration list for PBXProject "EazyCal" */;
			compatibilityVersion = "Xcode 14.0";
			developmentRegion = en;
			hasScannedForEncodings = 0;
			knownRegions = (
				en,
				Base,
				ko,
			);
			mainGroup = FF41EAF32AD8CCB9002FD4A9;
			productRefGroup = FF41EAFD2AD8CCB9002FD4A9 /* Products */;
			projectDirPath = "";
			projectRoot = "";
			targets = (
				FF41EAFB2AD8CCB9002FD4A9 /* EazyCal */,
			);
		};
/* End PBXProject section */

/* Begin PBXResourcesBuildPhase section */
		FF41EAFA2AD8CCB9002FD4A9 /* Resources */ = {
			isa = PBXResourcesBuildPhase;
			buildActionMask = 2147483647;
			files = (
				FF41EB072AD8CCBB002FD4A9 /* Preview Assets.xcassets in Resources */,
				FF41EB042AD8CCBB002FD4A9 /* Assets.xcassets in Resources */,
				FFE4B8F42BDBE41E00411F5C /* Localizable.xcstrings in Resources */,
			);
			runOnlyForDeploymentPostprocessing = 0;
		};
/* End PBXResourcesBuildPhase section */

/* Begin PBXSourcesBuildPhase section */
		FF41EAF82AD8CCB9002FD4A9 /* Sources */ = {
			isa = PBXSourcesBuildPhase;
			buildActionMask = 2147483647;
			files = (
				FF478D712AEA39A20073EF32 /* CalendarTabView.swift in Sources */,
				FF57590E2ADB9A86001E588F /* CategoryLabel.swift in Sources */,
				FFC1E6E02B0DD96E00CBCA88 /* CellViewType.swift in Sources */,
				FF5759582ADC1AC1001E588F /* CalendarCell.swift in Sources */,
				FF54FA2D2ADFA8D400996AC9 /* RepeatSelectedButton.swift in Sources */,
				FF5759172ADBA50F001E588F /* TodoLabel.swift in Sources */,
				FF5759242ADBC320001E588F /* TemplateView.swift in Sources */,
				FF20DD222AE8BDEA00C93B43 /* ScheduleTodoCellView.swift in Sources */,
				FF5759302ADBCD7F001E588F /* IndexCategory.swift in Sources */,
				FF6B63622ADD67A400CB33A0 /* AddSchedulerView.swift in Sources */,
				FFDBD7812B01D08A00AB2A57 /* CalendarCategoryPopoverView.swift in Sources */,
				FF57592C2ADBCC94001E588F /* TodoView.swift in Sources */,
				FF1559982AE65C1300F4E25F /* EventStore+Auth.swift in Sources */,
				FF5759132ADB9EEF001E588F /* TemplateLabel.swift in Sources */,
				FF1559942AE637DF00F4E25F /* RepeatType.swift in Sources */,
				FF57591E2ADBAFDA001E588F /* CalendarCategoryView.swift in Sources */,
				FF1559962AE65B2700F4E25F /* EventStoreError.swift in Sources */,
				FF5759112ADB9CC3001E588F /* SFSymbol.swift in Sources */,
				FFDBD7892B01E32F00AB2A57 /* CalendarCategory.swift in Sources */,
				FF10BDB92BC9683A007D687B /* UpcomingScheduleView.swift in Sources */,
				FFF59D2A2B01A2CA0071761E /* TabButton.swift in Sources */,
				FF15598F2AE5FA8000F4E25F /* EventStore.swift in Sources */,
				FFC1E6E32B0E06FB00CBCA88 /* EditSchedulePopoverView.swift in Sources */,
				FF57591B2ADBA578001E588F /* Importance.swift in Sources */,
				FF5759542ADC0D83001E588F /* CalenderView.swift in Sources */,
				FF41EB022AD8CCB9002FD4A9 /* Home.swift in Sources */,
				FF57595A2ADC1B51001E588F /* Month.swift in Sources */,
				FF5759562ADC0F0A001E588F /* EventStoreManager.swift in Sources */,
				FFC1E6E62B13495A00CBCA88 /* ScheduleListView.swift in Sources */,
				FF20DD202AE75D2300C93B43 /* AddNewTodoView.swift in Sources */,
				FF54FA352ADFC69100996AC9 /* CustomPicker.swift in Sources */,
				FFDBD7832B01D35C00AB2A57 /* Template.swift in Sources */,
				FF6BE0B92AE205CD00CB7397 /* CaledarCategoryLabelView.swift in Sources */,
				FF41EB002AD8CCB9002FD4A9 /* EazyCalApp.swift in Sources */,
				FF478D752AEA42DE0073EF32 /* CalendarViewModel.swift in Sources */,
			);
			runOnlyForDeploymentPostprocessing = 0;
		};
/* End PBXSourcesBuildPhase section */

/* Begin XCBuildConfiguration section */
		FF41EB0F2AD8CCBB002FD4A9 /* Debug */ = {
			isa = XCBuildConfiguration;
			buildSettings = {
				ALWAYS_SEARCH_USER_PATHS = NO;
				ASSETCATALOG_COMPILER_GENERATE_SWIFT_ASSET_SYMBOL_EXTENSIONS = YES;
				CLANG_ANALYZER_NONNULL = YES;
				CLANG_ANALYZER_NUMBER_OBJECT_CONVERSION = YES_AGGRESSIVE;
				CLANG_CXX_LANGUAGE_STANDARD = "gnu++20";
				CLANG_ENABLE_MODULES = YES;
				CLANG_ENABLE_OBJC_ARC = YES;
				CLANG_ENABLE_OBJC_WEAK = YES;
				CLANG_WARN_BLOCK_CAPTURE_AUTORELEASING = YES;
				CLANG_WARN_BOOL_CONVERSION = YES;
				CLANG_WARN_COMMA = YES;
				CLANG_WARN_CONSTANT_CONVERSION = YES;
				CLANG_WARN_DEPRECATED_OBJC_IMPLEMENTATIONS = YES;
				CLANG_WARN_DIRECT_OBJC_ISA_USAGE = YES_ERROR;
				CLANG_WARN_DOCUMENTATION_COMMENTS = YES;
				CLANG_WARN_EMPTY_BODY = YES;
				CLANG_WARN_ENUM_CONVERSION = YES;
				CLANG_WARN_INFINITE_RECURSION = YES;
				CLANG_WARN_INT_CONVERSION = YES;
				CLANG_WARN_NON_LITERAL_NULL_CONVERSION = YES;
				CLANG_WARN_OBJC_IMPLICIT_RETAIN_SELF = YES;
				CLANG_WARN_OBJC_LITERAL_CONVERSION = YES;
				CLANG_WARN_OBJC_ROOT_CLASS = YES_ERROR;
				CLANG_WARN_QUOTED_INCLUDE_IN_FRAMEWORK_HEADER = YES;
				CLANG_WARN_RANGE_LOOP_ANALYSIS = YES;
				CLANG_WARN_STRICT_PROTOTYPES = YES;
				CLANG_WARN_SUSPICIOUS_MOVE = YES;
				CLANG_WARN_UNGUARDED_AVAILABILITY = YES_AGGRESSIVE;
				CLANG_WARN_UNREACHABLE_CODE = YES;
				CLANG_WARN__DUPLICATE_METHOD_MATCH = YES;
				COPY_PHASE_STRIP = NO;
				DEBUG_INFORMATION_FORMAT = dwarf;
				ENABLE_STRICT_OBJC_MSGSEND = YES;
				ENABLE_TESTABILITY = YES;
				ENABLE_USER_SCRIPT_SANDBOXING = YES;
				GCC_C_LANGUAGE_STANDARD = gnu17;
				GCC_DYNAMIC_NO_PIC = NO;
				GCC_NO_COMMON_BLOCKS = YES;
				GCC_OPTIMIZATION_LEVEL = 0;
				GCC_PREPROCESSOR_DEFINITIONS = (
					"DEBUG=1",
					"$(inherited)",
				);
				GCC_WARN_64_TO_32_BIT_CONVERSION = YES;
				GCC_WARN_ABOUT_RETURN_TYPE = YES_ERROR;
				GCC_WARN_UNDECLARED_SELECTOR = YES;
				GCC_WARN_UNINITIALIZED_AUTOS = YES_AGGRESSIVE;
				GCC_WARN_UNUSED_FUNCTION = YES;
				GCC_WARN_UNUSED_VARIABLE = YES;
				IPHONEOS_DEPLOYMENT_TARGET = 17.0;
				LOCALIZATION_PREFERS_STRING_CATALOGS = YES;
				MTL_ENABLE_DEBUG_INFO = INCLUDE_SOURCE;
				MTL_FAST_MATH = YES;
				ONLY_ACTIVE_ARCH = YES;
				SDKROOT = iphoneos;
				SWIFT_ACTIVE_COMPILATION_CONDITIONS = "DEBUG $(inherited)";
				SWIFT_OPTIMIZATION_LEVEL = "-Onone";
			};
			name = Debug;
		};
		FF41EB102AD8CCBB002FD4A9 /* Release */ = {
			isa = XCBuildConfiguration;
			buildSettings = {
				ALWAYS_SEARCH_USER_PATHS = NO;
				ASSETCATALOG_COMPILER_GENERATE_SWIFT_ASSET_SYMBOL_EXTENSIONS = YES;
				CLANG_ANALYZER_NONNULL = YES;
				CLANG_ANALYZER_NUMBER_OBJECT_CONVERSION = YES_AGGRESSIVE;
				CLANG_CXX_LANGUAGE_STANDARD = "gnu++20";
				CLANG_ENABLE_MODULES = YES;
				CLANG_ENABLE_OBJC_ARC = YES;
				CLANG_ENABLE_OBJC_WEAK = YES;
				CLANG_WARN_BLOCK_CAPTURE_AUTORELEASING = YES;
				CLANG_WARN_BOOL_CONVERSION = YES;
				CLANG_WARN_COMMA = YES;
				CLANG_WARN_CONSTANT_CONVERSION = YES;
				CLANG_WARN_DEPRECATED_OBJC_IMPLEMENTATIONS = YES;
				CLANG_WARN_DIRECT_OBJC_ISA_USAGE = YES_ERROR;
				CLANG_WARN_DOCUMENTATION_COMMENTS = YES;
				CLANG_WARN_EMPTY_BODY = YES;
				CLANG_WARN_ENUM_CONVERSION = YES;
				CLANG_WARN_INFINITE_RECURSION = YES;
				CLANG_WARN_INT_CONVERSION = YES;
				CLANG_WARN_NON_LITERAL_NULL_CONVERSION = YES;
				CLANG_WARN_OBJC_IMPLICIT_RETAIN_SELF = YES;
				CLANG_WARN_OBJC_LITERAL_CONVERSION = YES;
				CLANG_WARN_OBJC_ROOT_CLASS = YES_ERROR;
				CLANG_WARN_QUOTED_INCLUDE_IN_FRAMEWORK_HEADER = YES;
				CLANG_WARN_RANGE_LOOP_ANALYSIS = YES;
				CLANG_WARN_STRICT_PROTOTYPES = YES;
				CLANG_WARN_SUSPICIOUS_MOVE = YES;
				CLANG_WARN_UNGUARDED_AVAILABILITY = YES_AGGRESSIVE;
				CLANG_WARN_UNREACHABLE_CODE = YES;
				CLANG_WARN__DUPLICATE_METHOD_MATCH = YES;
				COPY_PHASE_STRIP = NO;
				DEBUG_INFORMATION_FORMAT = "dwarf-with-dsym";
				ENABLE_NS_ASSERTIONS = NO;
				ENABLE_STRICT_OBJC_MSGSEND = YES;
				ENABLE_USER_SCRIPT_SANDBOXING = YES;
				GCC_C_LANGUAGE_STANDARD = gnu17;
				GCC_NO_COMMON_BLOCKS = YES;
				GCC_WARN_64_TO_32_BIT_CONVERSION = YES;
				GCC_WARN_ABOUT_RETURN_TYPE = YES_ERROR;
				GCC_WARN_UNDECLARED_SELECTOR = YES;
				GCC_WARN_UNINITIALIZED_AUTOS = YES_AGGRESSIVE;
				GCC_WARN_UNUSED_FUNCTION = YES;
				GCC_WARN_UNUSED_VARIABLE = YES;
				IPHONEOS_DEPLOYMENT_TARGET = 17.0;
				LOCALIZATION_PREFERS_STRING_CATALOGS = YES;
				MTL_ENABLE_DEBUG_INFO = NO;
				MTL_FAST_MATH = YES;
				SDKROOT = iphoneos;
				SWIFT_COMPILATION_MODE = wholemodule;
				VALIDATE_PRODUCT = YES;
			};
			name = Release;
		};
		FF41EB122AD8CCBB002FD4A9 /* Debug */ = {
			isa = XCBuildConfiguration;
			buildSettings = {
				ASSETCATALOG_COMPILER_APPICON_NAME = AppIcon;
				ASSETCATALOG_COMPILER_GLOBAL_ACCENT_COLOR_NAME = AccentColor;
				CODE_SIGN_ENTITLEMENTS = EazyCal/EazyCal.entitlements;
				CODE_SIGN_STYLE = Automatic;
				CURRENT_PROJECT_VERSION = 35;
				DEVELOPMENT_ASSET_PATHS = "\"EazyCal/Preview Content\"";
				DEVELOPMENT_TEAM = KRY967CND6;
				ENABLE_PREVIEWS = YES;
				GENERATE_INFOPLIST_FILE = YES;
				INFOPLIST_FILE = EazyCal/Info.plist;
				INFOPLIST_KEY_CFBundleDisplayName = EazyCal;
				INFOPLIST_KEY_LSApplicationCategoryType = "public.app-category.productivity";
				INFOPLIST_KEY_UIApplicationSceneManifest_Generation = YES;
				INFOPLIST_KEY_UIApplicationSupportsIndirectInputEvents = YES;
				INFOPLIST_KEY_UILaunchScreen_Generation = YES;
				INFOPLIST_KEY_UIRequiresFullScreen = NO;
				INFOPLIST_KEY_UISupportedInterfaceOrientations = "UIInterfaceOrientationLandscapeLeft UIInterfaceOrientationLandscapeRight UIInterfaceOrientationPortrait";
				INFOPLIST_KEY_UISupportedInterfaceOrientations_iPad = "UIInterfaceOrientationLandscapeLeft UIInterfaceOrientationLandscapeRight UIInterfaceOrientationPortrait UIInterfaceOrientationPortraitUpsideDown";
				IPHONEOS_DEPLOYMENT_TARGET = 17.0;
				LD_RUNPATH_SEARCH_PATHS = (
					"$(inherited)",
					"@executable_path/Frameworks",
				);
				MACOSX_DEPLOYMENT_TARGET = 14.0;
				MARKETING_VERSION = 1.2.3;
				PRODUCT_BUNDLE_IDENTIFIER = com.sol.EazyCal;
				PRODUCT_NAME = "$(TARGET_NAME)";
				SUPPORTED_PLATFORMS = macosx;
				SUPPORTS_MACCATALYST = NO;
				SUPPORTS_MAC_DESIGNED_FOR_IPHONE_IPAD = NO;
				SWIFT_EMIT_LOC_STRINGS = YES;
				SWIFT_VERSION = 5.0;
			};
			name = Debug;
		};
		FF41EB132AD8CCBB002FD4A9 /* Release */ = {
			isa = XCBuildConfiguration;
			buildSettings = {
				ASSETCATALOG_COMPILER_APPICON_NAME = AppIcon;
				ASSETCATALOG_COMPILER_GLOBAL_ACCENT_COLOR_NAME = AccentColor;
				CODE_SIGN_ENTITLEMENTS = EazyCal/EazyCal.entitlements;
				CODE_SIGN_STYLE = Automatic;
				CURRENT_PROJECT_VERSION = 35;
				DEVELOPMENT_ASSET_PATHS = "\"EazyCal/Preview Content\"";
				DEVELOPMENT_TEAM = KRY967CND6;
				ENABLE_PREVIEWS = YES;
				GENERATE_INFOPLIST_FILE = YES;
				INFOPLIST_FILE = EazyCal/Info.plist;
				INFOPLIST_KEY_CFBundleDisplayName = EazyCal;
				INFOPLIST_KEY_LSApplicationCategoryType = "public.app-category.productivity";
				INFOPLIST_KEY_UIApplicationSceneManifest_Generation = YES;
				INFOPLIST_KEY_UIApplicationSupportsIndirectInputEvents = YES;
				INFOPLIST_KEY_UILaunchScreen_Generation = YES;
				INFOPLIST_KEY_UIRequiresFullScreen = NO;
				INFOPLIST_KEY_UISupportedInterfaceOrientations = "UIInterfaceOrientationLandscapeLeft UIInterfaceOrientationLandscapeRight UIInterfaceOrientationPortrait";
				INFOPLIST_KEY_UISupportedInterfaceOrientations_iPad = "UIInterfaceOrientationLandscapeLeft UIInterfaceOrientationLandscapeRight UIInterfaceOrientationPortrait UIInterfaceOrientationPortraitUpsideDown";
				IPHONEOS_DEPLOYMENT_TARGET = 17.0;
				LD_RUNPATH_SEARCH_PATHS = (
					"$(inherited)",
					"@executable_path/Frameworks",
				);
				MACOSX_DEPLOYMENT_TARGET = 14.0;
				MARKETING_VERSION = 1.2.3;
				PRODUCT_BUNDLE_IDENTIFIER = com.sol.EazyCal;
				PRODUCT_NAME = "$(TARGET_NAME)";
				SUPPORTED_PLATFORMS = macosx;
				SUPPORTS_MACCATALYST = NO;
				SUPPORTS_MAC_DESIGNED_FOR_IPHONE_IPAD = NO;
				SWIFT_EMIT_LOC_STRINGS = YES;
				SWIFT_OPTIMIZATION_LEVEL = "-Onone";
				SWIFT_VERSION = 5.0;
			};
			name = Release;
		};
/* End XCBuildConfiguration section */

/* Begin XCConfigurationList section */
		FF41EAF72AD8CCB9002FD4A9 /* Build configuration list for PBXProject "EazyCal" */ = {
			isa = XCConfigurationList;
			buildConfigurations = (
				FF41EB0F2AD8CCBB002FD4A9 /* Debug */,
				FF41EB102AD8CCBB002FD4A9 /* Release */,
			);
			defaultConfigurationIsVisible = 0;
			defaultConfigurationName = Release;
		};
		FF41EB112AD8CCBB002FD4A9 /* Build configuration list for PBXNativeTarget "EazyCal" */ = {
			isa = XCConfigurationList;
			buildConfigurations = (
				FF41EB122AD8CCBB002FD4A9 /* Debug */,
				FF41EB132AD8CCBB002FD4A9 /* Release */,
			);
			defaultConfigurationIsVisible = 0;
			defaultConfigurationName = Release;
		};
/* End XCConfigurationList section */
	};
	rootObject = FF41EAF42AD8CCB9002FD4A9 /* Project object */;
}
