// !$*UTF8*$!
{
	archiveVersion = 1;
	classes = {
	};
	objectVersion = 56;
	objects = {

/* Begin PBXBuildFile section */
		FF41EB002AD8CCB9002FD4A9 /* EazyCalApp.swift in Sources */ = {isa = PBXBuildFile; fileRef = FF41EAFF2AD8CCB9002FD4A9 /* EazyCalApp.swift */; };
		FF41EB022AD8CCB9002FD4A9 /* MainView.swift in Sources */ = {isa = PBXBuildFile; fileRef = FF41EB012AD8CCB9002FD4A9 /* MainView.swift */; };
		FF41EB042AD8CCBB002FD4A9 /* Assets.xcassets in Resources */ = {isa = PBXBuildFile; fileRef = FF41EB032AD8CCBB002FD4A9 /* Assets.xcassets */; };
		FF41EB072AD8CCBB002FD4A9 /* Preview Assets.xcassets in Resources */ = {isa = PBXBuildFile; fileRef = FF41EB062AD8CCBB002FD4A9 /* Preview Assets.xcassets */; };
		FF41EB092AD8CCBB002FD4A9 /* Persistence.swift in Sources */ = {isa = PBXBuildFile; fileRef = FF41EB082AD8CCBB002FD4A9 /* Persistence.swift */; };
		FF41EB0C2AD8CCBB002FD4A9 /* EazyCal.xcdatamodeld in Sources */ = {isa = PBXBuildFile; fileRef = FF41EB0A2AD8CCBB002FD4A9 /* EazyCal.xcdatamodeld */; };
		FF54FA282ADF7C8700996AC9 /* SpoqaHanSansNeo-Medium.otf in Resources */ = {isa = PBXBuildFile; fileRef = FF54FA252ADF7C8600996AC9 /* SpoqaHanSansNeo-Medium.otf */; };
		FF54FA292ADF7C8700996AC9 /* SpoqaHanSansNeo-Bold.otf in Resources */ = {isa = PBXBuildFile; fileRef = FF54FA262ADF7C8700996AC9 /* SpoqaHanSansNeo-Bold.otf */; };
		FF54FA2A2ADF7C8700996AC9 /* SpoqaHanSansNeo-Regular.otf in Resources */ = {isa = PBXBuildFile; fileRef = FF54FA272ADF7C8700996AC9 /* SpoqaHanSansNeo-Regular.otf */; };
		FF57590E2ADB9A86001E588F /* CategoryLabel.swift in Sources */ = {isa = PBXBuildFile; fileRef = FF57590D2ADB9A86001E588F /* CategoryLabel.swift */; };
		FF5759112ADB9CC3001E588F /* SFSymbol.swift in Sources */ = {isa = PBXBuildFile; fileRef = FF5759102ADB9CC3001E588F /* SFSymbol.swift */; };
		FF5759132ADB9EEF001E588F /* TemplateLabel.swift in Sources */ = {isa = PBXBuildFile; fileRef = FF5759122ADB9EEF001E588F /* TemplateLabel.swift */; };
		FF5759152ADB9FF0001E588F /* FontStyle.swift in Sources */ = {isa = PBXBuildFile; fileRef = FF5759142ADB9FF0001E588F /* FontStyle.swift */; };
		FF5759172ADBA50F001E588F /* TodoLabel.swift in Sources */ = {isa = PBXBuildFile; fileRef = FF5759162ADBA50F001E588F /* TodoLabel.swift */; };
		FF57591B2ADBA578001E588F /* Importance.swift in Sources */ = {isa = PBXBuildFile; fileRef = FF57591A2ADBA578001E588F /* Importance.swift */; };
		FF57591E2ADBAFDA001E588F /* CategoryView.swift in Sources */ = {isa = PBXBuildFile; fileRef = FF57591D2ADBAFDA001E588F /* CategoryView.swift */; };
		FF5759202ADBB068001E588F /* CalendarCategory.swift in Sources */ = {isa = PBXBuildFile; fileRef = FF57591F2ADBB068001E588F /* CalendarCategory.swift */; };
		FF5759222ADBC1A3001E588F /* CategoryViewModel.swift in Sources */ = {isa = PBXBuildFile; fileRef = FF5759212ADBC1A2001E588F /* CategoryViewModel.swift */; };
		FF5759242ADBC320001E588F /* TemplateView.swift in Sources */ = {isa = PBXBuildFile; fileRef = FF5759232ADBC320001E588F /* TemplateView.swift */; };
		FF5759262ADBC33B001E588F /* TemplateViewModel.swift in Sources */ = {isa = PBXBuildFile; fileRef = FF5759252ADBC33B001E588F /* TemplateViewModel.swift */; };
		FF5759282ADBC3B8001E588F /* Template.swift in Sources */ = {isa = PBXBuildFile; fileRef = FF5759272ADBC3B8001E588F /* Template.swift */; };
		FF57592A2ADBC92F001E588F /* Todo.swift in Sources */ = {isa = PBXBuildFile; fileRef = FF5759292ADBC92F001E588F /* Todo.swift */; };
		FF57592C2ADBCC94001E588F /* TodoView.swift in Sources */ = {isa = PBXBuildFile; fileRef = FF57592B2ADBCC94001E588F /* TodoView.swift */; };
		FF5759302ADBCD7F001E588F /* IndexCategory.swift in Sources */ = {isa = PBXBuildFile; fileRef = FF57592F2ADBCD7F001E588F /* IndexCategory.swift */; };
		FF5759322ADBCE90001E588F /* TodoViewModel.swift in Sources */ = {isa = PBXBuildFile; fileRef = FF5759312ADBCE90001E588F /* TodoViewModel.swift */; };
		FF5759542ADC0D83001E588F /* CalenderView.swift in Sources */ = {isa = PBXBuildFile; fileRef = FF5759532ADC0D83001E588F /* CalenderView.swift */; };
		FF5759562ADC0F0A001E588F /* CalendarViewModel.swift in Sources */ = {isa = PBXBuildFile; fileRef = FF5759552ADC0F0A001E588F /* CalendarViewModel.swift */; };
		FF5759582ADC1AC1001E588F /* CalendarCell.swift in Sources */ = {isa = PBXBuildFile; fileRef = FF5759572ADC1AC1001E588F /* CalendarCell.swift */; };
		FF57595A2ADC1B51001E588F /* Month.swift in Sources */ = {isa = PBXBuildFile; fileRef = FF5759592ADC1B51001E588F /* Month.swift */; };
		FF6B63622ADD67A400CB33A0 /* AddSchedulerView.swift in Sources */ = {isa = PBXBuildFile; fileRef = FF6B63612ADD67A400CB33A0 /* AddSchedulerView.swift */; };
		FF6B63642ADE088300CB33A0 /* Schedule.swift in Sources */ = {isa = PBXBuildFile; fileRef = FF6B63632ADE088300CB33A0 /* Schedule.swift */; };
/* End PBXBuildFile section */

/* Begin PBXFileReference section */
		FF41EAFC2AD8CCB9002FD4A9 /* EazyCal.app */ = {isa = PBXFileReference; explicitFileType = wrapper.application; includeInIndex = 0; path = EazyCal.app; sourceTree = BUILT_PRODUCTS_DIR; };
		FF41EAFF2AD8CCB9002FD4A9 /* EazyCalApp.swift */ = {isa = PBXFileReference; lastKnownFileType = sourcecode.swift; path = EazyCalApp.swift; sourceTree = "<group>"; };
		FF41EB012AD8CCB9002FD4A9 /* MainView.swift */ = {isa = PBXFileReference; lastKnownFileType = sourcecode.swift; path = MainView.swift; sourceTree = "<group>"; };
		FF41EB032AD8CCBB002FD4A9 /* Assets.xcassets */ = {isa = PBXFileReference; lastKnownFileType = folder.assetcatalog; path = Assets.xcassets; sourceTree = "<group>"; };
		FF41EB062AD8CCBB002FD4A9 /* Preview Assets.xcassets */ = {isa = PBXFileReference; lastKnownFileType = folder.assetcatalog; path = "Preview Assets.xcassets"; sourceTree = "<group>"; };
		FF41EB082AD8CCBB002FD4A9 /* Persistence.swift */ = {isa = PBXFileReference; lastKnownFileType = sourcecode.swift; path = Persistence.swift; sourceTree = "<group>"; };
		FF41EB0B2AD8CCBB002FD4A9 /* EazyCal.xcdatamodel */ = {isa = PBXFileReference; lastKnownFileType = wrapper.xcdatamodel; path = EazyCal.xcdatamodel; sourceTree = "<group>"; };
		FF41EB0D2AD8CCBB002FD4A9 /* EazyCal.entitlements */ = {isa = PBXFileReference; lastKnownFileType = text.plist.entitlements; path = EazyCal.entitlements; sourceTree = "<group>"; };
		FF41EB0E2AD8CCBB002FD4A9 /* Info.plist */ = {isa = PBXFileReference; lastKnownFileType = text.plist.xml; path = Info.plist; sourceTree = "<group>"; };
		FF54FA252ADF7C8600996AC9 /* SpoqaHanSansNeo-Medium.otf */ = {isa = PBXFileReference; lastKnownFileType = file; path = "SpoqaHanSansNeo-Medium.otf"; sourceTree = "<group>"; };
		FF54FA262ADF7C8700996AC9 /* SpoqaHanSansNeo-Bold.otf */ = {isa = PBXFileReference; lastKnownFileType = file; path = "SpoqaHanSansNeo-Bold.otf"; sourceTree = "<group>"; };
		FF54FA272ADF7C8700996AC9 /* SpoqaHanSansNeo-Regular.otf */ = {isa = PBXFileReference; lastKnownFileType = file; path = "SpoqaHanSansNeo-Regular.otf"; sourceTree = "<group>"; };
		FF57590D2ADB9A86001E588F /* CategoryLabel.swift */ = {isa = PBXFileReference; lastKnownFileType = sourcecode.swift; path = CategoryLabel.swift; sourceTree = "<group>"; };
		FF5759102ADB9CC3001E588F /* SFSymbol.swift */ = {isa = PBXFileReference; lastKnownFileType = sourcecode.swift; path = SFSymbol.swift; sourceTree = "<group>"; };
		FF5759122ADB9EEF001E588F /* TemplateLabel.swift */ = {isa = PBXFileReference; lastKnownFileType = sourcecode.swift; path = TemplateLabel.swift; sourceTree = "<group>"; };
		FF5759142ADB9FF0001E588F /* FontStyle.swift */ = {isa = PBXFileReference; lastKnownFileType = sourcecode.swift; path = FontStyle.swift; sourceTree = "<group>"; };
		FF5759162ADBA50F001E588F /* TodoLabel.swift */ = {isa = PBXFileReference; lastKnownFileType = sourcecode.swift; path = TodoLabel.swift; sourceTree = "<group>"; };
		FF57591A2ADBA578001E588F /* Importance.swift */ = {isa = PBXFileReference; lastKnownFileType = sourcecode.swift; path = Importance.swift; sourceTree = "<group>"; };
		FF57591D2ADBAFDA001E588F /* CategoryView.swift */ = {isa = PBXFileReference; lastKnownFileType = sourcecode.swift; path = CategoryView.swift; sourceTree = "<group>"; };
		FF57591F2ADBB068001E588F /* CalendarCategory.swift */ = {isa = PBXFileReference; lastKnownFileType = sourcecode.swift; path = CalendarCategory.swift; sourceTree = "<group>"; };
		FF5759212ADBC1A2001E588F /* CategoryViewModel.swift */ = {isa = PBXFileReference; lastKnownFileType = sourcecode.swift; path = CategoryViewModel.swift; sourceTree = "<group>"; };
		FF5759232ADBC320001E588F /* TemplateView.swift */ = {isa = PBXFileReference; lastKnownFileType = sourcecode.swift; path = TemplateView.swift; sourceTree = "<group>"; };
		FF5759252ADBC33B001E588F /* TemplateViewModel.swift */ = {isa = PBXFileReference; lastKnownFileType = sourcecode.swift; path = TemplateViewModel.swift; sourceTree = "<group>"; };
		FF5759272ADBC3B8001E588F /* Template.swift */ = {isa = PBXFileReference; lastKnownFileType = sourcecode.swift; path = Template.swift; sourceTree = "<group>"; };
		FF5759292ADBC92F001E588F /* Todo.swift */ = {isa = PBXFileReference; lastKnownFileType = sourcecode.swift; path = Todo.swift; sourceTree = "<group>"; };
		FF57592B2ADBCC94001E588F /* TodoView.swift */ = {isa = PBXFileReference; lastKnownFileType = sourcecode.swift; path = TodoView.swift; sourceTree = "<group>"; };
		FF57592F2ADBCD7F001E588F /* IndexCategory.swift */ = {isa = PBXFileReference; lastKnownFileType = sourcecode.swift; path = IndexCategory.swift; sourceTree = "<group>"; };
		FF5759312ADBCE90001E588F /* TodoViewModel.swift */ = {isa = PBXFileReference; lastKnownFileType = sourcecode.swift; path = TodoViewModel.swift; sourceTree = "<group>"; };
		FF5759532ADC0D83001E588F /* CalenderView.swift */ = {isa = PBXFileReference; lastKnownFileType = sourcecode.swift; path = CalenderView.swift; sourceTree = "<group>"; };
		FF5759552ADC0F0A001E588F /* CalendarViewModel.swift */ = {isa = PBXFileReference; lastKnownFileType = sourcecode.swift; path = CalendarViewModel.swift; sourceTree = "<group>"; };
		FF5759572ADC1AC1001E588F /* CalendarCell.swift */ = {isa = PBXFileReference; lastKnownFileType = sourcecode.swift; path = CalendarCell.swift; sourceTree = "<group>"; };
		FF5759592ADC1B51001E588F /* Month.swift */ = {isa = PBXFileReference; lastKnownFileType = sourcecode.swift; path = Month.swift; sourceTree = "<group>"; };
		FF6B63612ADD67A400CB33A0 /* AddSchedulerView.swift */ = {isa = PBXFileReference; lastKnownFileType = sourcecode.swift; path = AddSchedulerView.swift; sourceTree = "<group>"; };
		FF6B63632ADE088300CB33A0 /* Schedule.swift */ = {isa = PBXFileReference; lastKnownFileType = sourcecode.swift; path = Schedule.swift; sourceTree = "<group>"; };
/* End PBXFileReference section */

/* Begin PBXFrameworksBuildPhase section */
		FF41EAF92AD8CCB9002FD4A9 /* Frameworks */ = {
			isa = PBXFrameworksBuildPhase;
			buildActionMask = 2147483647;
			files = (
			);
			runOnlyForDeploymentPostprocessing = 0;
		};
/* End PBXFrameworksBuildPhase section */

/* Begin PBXGroup section */
		FF41EAF32AD8CCB9002FD4A9 = {
			isa = PBXGroup;
			children = (
				FF41EAFE2AD8CCB9002FD4A9 /* EazyCal */,
				FF41EAFD2AD8CCB9002FD4A9 /* Products */,
			);
			sourceTree = "<group>";
		};
		FF41EAFD2AD8CCB9002FD4A9 /* Products */ = {
			isa = PBXGroup;
			children = (
				FF41EAFC2AD8CCB9002FD4A9 /* EazyCal.app */,
			);
			name = Products;
			sourceTree = "<group>";
		};
		FF41EAFE2AD8CCB9002FD4A9 /* EazyCal */ = {
			isa = PBXGroup;
			children = (
				FF41EB0E2AD8CCBB002FD4A9 /* Info.plist */,
				FF41EB0D2AD8CCBB002FD4A9 /* EazyCal.entitlements */,
				FF41EAFF2AD8CCB9002FD4A9 /* EazyCalApp.swift */,
				FF41EB012AD8CCB9002FD4A9 /* MainView.swift */,
				FF54FA2B2ADF7C8F00996AC9 /* fonts */,
				FF57591C2ADBAEB0001E588F /* CoreData */,
				FF5759192ADBA56C001E588F /* Model */,
				FF57590F2ADB9CB3001E588F /* Resource */,
				FF5759092ADB9A50001E588F /* Category */,
				FF57590A2ADB9A5D001E588F /* Templete */,
				FF57590B2ADB9A65001E588F /* Todo */,
				FF57590C2ADB9A6A001E588F /* Calendar */,
				FF6B63602ADD678C00CB33A0 /* AddScheduler */,
				FF41EB052AD8CCBB002FD4A9 /* Preview Content */,
			);
			path = EazyCal;
			sourceTree = "<group>";
		};
		FF41EB052AD8CCBB002FD4A9 /* Preview Content */ = {
			isa = PBXGroup;
			children = (
				FF41EB062AD8CCBB002FD4A9 /* Preview Assets.xcassets */,
			);
			path = "Preview Content";
			sourceTree = "<group>";
		};
		FF54FA2B2ADF7C8F00996AC9 /* fonts */ = {
			isa = PBXGroup;
			children = (
				FF54FA262ADF7C8700996AC9 /* SpoqaHanSansNeo-Bold.otf */,
				FF54FA252ADF7C8600996AC9 /* SpoqaHanSansNeo-Medium.otf */,
				FF54FA272ADF7C8700996AC9 /* SpoqaHanSansNeo-Regular.otf */,
			);
			path = fonts;
			sourceTree = "<group>";
		};
		FF5759092ADB9A50001E588F /* Category */ = {
			isa = PBXGroup;
			children = (
				FF57590D2ADB9A86001E588F /* CategoryLabel.swift */,
				FF57591D2ADBAFDA001E588F /* CategoryView.swift */,
				FF5759212ADBC1A2001E588F /* CategoryViewModel.swift */,
			);
			path = Category;
			sourceTree = "<group>";
		};
		FF57590A2ADB9A5D001E588F /* Templete */ = {
			isa = PBXGroup;
			children = (
				FF5759122ADB9EEF001E588F /* TemplateLabel.swift */,
				FF5759232ADBC320001E588F /* TemplateView.swift */,
				FF5759252ADBC33B001E588F /* TemplateViewModel.swift */,
			);
			path = Templete;
			sourceTree = "<group>";
		};
		FF57590B2ADB9A65001E588F /* Todo */ = {
			isa = PBXGroup;
			children = (
				FF5759162ADBA50F001E588F /* TodoLabel.swift */,
				FF57592B2ADBCC94001E588F /* TodoView.swift */,
				FF5759312ADBCE90001E588F /* TodoViewModel.swift */,
			);
			path = Todo;
			sourceTree = "<group>";
		};
		FF57590C2ADB9A6A001E588F /* Calendar */ = {
			isa = PBXGroup;
			children = (
				FF5759532ADC0D83001E588F /* CalenderView.swift */,
				FF5759572ADC1AC1001E588F /* CalendarCell.swift */,
				FF5759552ADC0F0A001E588F /* CalendarViewModel.swift */,
			);
			path = Calendar;
			sourceTree = "<group>";
		};
		FF57590F2ADB9CB3001E588F /* Resource */ = {
			isa = PBXGroup;
			children = (
				FF41EB032AD8CCBB002FD4A9 /* Assets.xcassets */,
				FF5759102ADB9CC3001E588F /* SFSymbol.swift */,
				FF5759142ADB9FF0001E588F /* FontStyle.swift */,
			);
			path = Resource;
			sourceTree = "<group>";
		};
		FF5759192ADBA56C001E588F /* Model */ = {
			isa = PBXGroup;
			children = (
				FF57591A2ADBA578001E588F /* Importance.swift */,
				FF57591F2ADBB068001E588F /* CalendarCategory.swift */,
				FF5759272ADBC3B8001E588F /* Template.swift */,
				FF5759292ADBC92F001E588F /* Todo.swift */,
				FF57592F2ADBCD7F001E588F /* IndexCategory.swift */,
				FF5759592ADC1B51001E588F /* Month.swift */,
				FF6B63632ADE088300CB33A0 /* Schedule.swift */,
			);
			path = Model;
			sourceTree = "<group>";
		};
		FF57591C2ADBAEB0001E588F /* CoreData */ = {
			isa = PBXGroup;
			children = (
				FF41EB0A2AD8CCBB002FD4A9 /* EazyCal.xcdatamodeld */,
				FF41EB082AD8CCBB002FD4A9 /* Persistence.swift */,
			);
			path = CoreData;
			sourceTree = "<group>";
		};
		FF6B63602ADD678C00CB33A0 /* AddScheduler */ = {
			isa = PBXGroup;
			children = (
				FF6B63612ADD67A400CB33A0 /* AddSchedulerView.swift */,
			);
			path = AddScheduler;
			sourceTree = "<group>";
		};
/* End PBXGroup section */

/* Begin PBXNativeTarget section */
		FF41EAFB2AD8CCB9002FD4A9 /* EazyCal */ = {
			isa = PBXNativeTarget;
			buildConfigurationList = FF41EB112AD8CCBB002FD4A9 /* Build configuration list for PBXNativeTarget "EazyCal" */;
			buildPhases = (
				FF41EAF82AD8CCB9002FD4A9 /* Sources */,
				FF41EAF92AD8CCB9002FD4A9 /* Frameworks */,
				FF41EAFA2AD8CCB9002FD4A9 /* Resources */,
			);
			buildRules = (
			);
			dependencies = (
			);
			name = EazyCal;
			productName = EazyCal;
			productReference = FF41EAFC2AD8CCB9002FD4A9 /* EazyCal.app */;
			productType = "com.apple.product-type.application";
		};
/* End PBXNativeTarget section */

/* Begin PBXProject section */
		FF41EAF42AD8CCB9002FD4A9 /* Project object */ = {
			isa = PBXProject;
			attributes = {
				BuildIndependentTargetsInParallel = 1;
				LastSwiftUpdateCheck = 1500;
				LastUpgradeCheck = 1500;
				TargetAttributes = {
					FF41EAFB2AD8CCB9002FD4A9 = {
						CreatedOnToolsVersion = 15.0;
					};
				};
			};
			buildConfigurationList = FF41EAF72AD8CCB9002FD4A9 /* Build configuration list for PBXProject "EazyCal" */;
			compatibilityVersion = "Xcode 14.0";
			developmentRegion = en;
			hasScannedForEncodings = 0;
			knownRegions = (
				en,
				Base,
			);
			mainGroup = FF41EAF32AD8CCB9002FD4A9;
			productRefGroup = FF41EAFD2AD8CCB9002FD4A9 /* Products */;
			projectDirPath = "";
			projectRoot = "";
			targets = (
				FF41EAFB2AD8CCB9002FD4A9 /* EazyCal */,
			);
		};
/* End PBXProject section */

/* Begin PBXResourcesBuildPhase section */
		FF41EAFA2AD8CCB9002FD4A9 /* Resources */ = {
			isa = PBXResourcesBuildPhase;
			buildActionMask = 2147483647;
			files = (
				FF41EB072AD8CCBB002FD4A9 /* Preview Assets.xcassets in Resources */,
				FF41EB042AD8CCBB002FD4A9 /* Assets.xcassets in Resources */,
				FF54FA282ADF7C8700996AC9 /* SpoqaHanSansNeo-Medium.otf in Resources */,
				FF54FA292ADF7C8700996AC9 /* SpoqaHanSansNeo-Bold.otf in Resources */,
				FF54FA2A2ADF7C8700996AC9 /* SpoqaHanSansNeo-Regular.otf in Resources */,
			);
			runOnlyForDeploymentPostprocessing = 0;
		};
/* End PBXResourcesBuildPhase section */

/* Begin PBXSourcesBuildPhase section */
		FF41EAF82AD8CCB9002FD4A9 /* Sources */ = {
			isa = PBXSourcesBuildPhase;
			buildActionMask = 2147483647;
			files = (
				FF57590E2ADB9A86001E588F /* CategoryLabel.swift in Sources */,
				FF5759582ADC1AC1001E588F /* CalendarCell.swift in Sources */,
				FF5759172ADBA50F001E588F /* TodoLabel.swift in Sources */,
				FF5759242ADBC320001E588F /* TemplateView.swift in Sources */,
				FF41EB092AD8CCBB002FD4A9 /* Persistence.swift in Sources */,
				FF5759152ADB9FF0001E588F /* FontStyle.swift in Sources */,
				FF5759302ADBCD7F001E588F /* IndexCategory.swift in Sources */,
				FF6B63622ADD67A400CB33A0 /* AddSchedulerView.swift in Sources */,
				FF5759282ADBC3B8001E588F /* Template.swift in Sources */,
				FF57592C2ADBCC94001E588F /* TodoView.swift in Sources */,
				FF5759322ADBCE90001E588F /* TodoViewModel.swift in Sources */,
				FF5759262ADBC33B001E588F /* TemplateViewModel.swift in Sources */,
				FF6B63642ADE088300CB33A0 /* Schedule.swift in Sources */,
				FF5759132ADB9EEF001E588F /* TemplateLabel.swift in Sources */,
				FF5759202ADBB068001E588F /* CalendarCategory.swift in Sources */,
				FF5759222ADBC1A3001E588F /* CategoryViewModel.swift in Sources */,
				FF57591E2ADBAFDA001E588F /* CategoryView.swift in Sources */,
				FF5759112ADB9CC3001E588F /* SFSymbol.swift in Sources */,
				FF41EB0C2AD8CCBB002FD4A9 /* EazyCal.xcdatamodeld in Sources */,
				FF57591B2ADBA578001E588F /* Importance.swift in Sources */,
				FF5759542ADC0D83001E588F /* CalenderView.swift in Sources */,
				FF41EB022AD8CCB9002FD4A9 /* MainView.swift in Sources */,
				FF57595A2ADC1B51001E588F /* Month.swift in Sources */,
				FF57592A2ADBC92F001E588F /* Todo.swift in Sources */,
				FF5759562ADC0F0A001E588F /* CalendarViewModel.swift in Sources */,
				FF41EB002AD8CCB9002FD4A9 /* EazyCalApp.swift in Sources */,
			);
			runOnlyForDeploymentPostprocessing = 0;
		};
/* End PBXSourcesBuildPhase section */

/* Begin XCBuildConfiguration section */
		FF41EB0F2AD8CCBB002FD4A9 /* Debug */ = {
			isa = XCBuildConfiguration;
			buildSettings = {
				ALWAYS_SEARCH_USER_PATHS = NO;
				ASSETCATALOG_COMPILER_GENERATE_SWIFT_ASSET_SYMBOL_EXTENSIONS = YES;
				CLANG_ANALYZER_NONNULL = YES;
				CLANG_ANALYZER_NUMBER_OBJECT_CONVERSION = YES_AGGRESSIVE;
				CLANG_CXX_LANGUAGE_STANDARD = "gnu++20";
				CLANG_ENABLE_MODULES = YES;
				CLANG_ENABLE_OBJC_ARC = YES;
				CLANG_ENABLE_OBJC_WEAK = YES;
				CLANG_WARN_BLOCK_CAPTURE_AUTORELEASING = YES;
				CLANG_WARN_BOOL_CONVERSION = YES;
				CLANG_WARN_COMMA = YES;
				CLANG_WARN_CONSTANT_CONVERSION = YES;
				CLANG_WARN_DEPRECATED_OBJC_IMPLEMENTATIONS = YES;
				CLANG_WARN_DIRECT_OBJC_ISA_USAGE = YES_ERROR;
				CLANG_WARN_DOCUMENTATION_COMMENTS = YES;
				CLANG_WARN_EMPTY_BODY = YES;
				CLANG_WARN_ENUM_CONVERSION = YES;
				CLANG_WARN_INFINITE_RECURSION = YES;
				CLANG_WARN_INT_CONVERSION = YES;
				CLANG_WARN_NON_LITERAL_NULL_CONVERSION = YES;
				CLANG_WARN_OBJC_IMPLICIT_RETAIN_SELF = YES;
				CLANG_WARN_OBJC_LITERAL_CONVERSION = YES;
				CLANG_WARN_OBJC_ROOT_CLASS = YES_ERROR;
				CLANG_WARN_QUOTED_INCLUDE_IN_FRAMEWORK_HEADER = YES;
				CLANG_WARN_RANGE_LOOP_ANALYSIS = YES;
				CLANG_WARN_STRICT_PROTOTYPES = YES;
				CLANG_WARN_SUSPICIOUS_MOVE = YES;
				CLANG_WARN_UNGUARDED_AVAILABILITY = YES_AGGRESSIVE;
				CLANG_WARN_UNREACHABLE_CODE = YES;
				CLANG_WARN__DUPLICATE_METHOD_MATCH = YES;
				COPY_PHASE_STRIP = NO;
				DEBUG_INFORMATION_FORMAT = dwarf;
				ENABLE_STRICT_OBJC_MSGSEND = YES;
				ENABLE_TESTABILITY = YES;
				ENABLE_USER_SCRIPT_SANDBOXING = YES;
				GCC_C_LANGUAGE_STANDARD = gnu17;
				GCC_DYNAMIC_NO_PIC = NO;
				GCC_NO_COMMON_BLOCKS = YES;
				GCC_OPTIMIZATION_LEVEL = 0;
				GCC_PREPROCESSOR_DEFINITIONS = (
					"DEBUG=1",
					"$(inherited)",
				);
				GCC_WARN_64_TO_32_BIT_CONVERSION = YES;
				GCC_WARN_ABOUT_RETURN_TYPE = YES_ERROR;
				GCC_WARN_UNDECLARED_SELECTOR = YES;
				GCC_WARN_UNINITIALIZED_AUTOS = YES_AGGRESSIVE;
				GCC_WARN_UNUSED_FUNCTION = YES;
				GCC_WARN_UNUSED_VARIABLE = YES;
				IPHONEOS_DEPLOYMENT_TARGET = 17.0;
				LOCALIZATION_PREFERS_STRING_CATALOGS = YES;
				MTL_ENABLE_DEBUG_INFO = INCLUDE_SOURCE;
				MTL_FAST_MATH = YES;
				ONLY_ACTIVE_ARCH = YES;
				SDKROOT = iphoneos;
				SWIFT_ACTIVE_COMPILATION_CONDITIONS = "DEBUG $(inherited)";
				SWIFT_OPTIMIZATION_LEVEL = "-Onone";
			};
			name = Debug;
		};
		FF41EB102AD8CCBB002FD4A9 /* Release */ = {
			isa = XCBuildConfiguration;
			buildSettings = {
				ALWAYS_SEARCH_USER_PATHS = NO;
				ASSETCATALOG_COMPILER_GENERATE_SWIFT_ASSET_SYMBOL_EXTENSIONS = YES;
				CLANG_ANALYZER_NONNULL = YES;
				CLANG_ANALYZER_NUMBER_OBJECT_CONVERSION = YES_AGGRESSIVE;
				CLANG_CXX_LANGUAGE_STANDARD = "gnu++20";
				CLANG_ENABLE_MODULES = YES;
				CLANG_ENABLE_OBJC_ARC = YES;
				CLANG_ENABLE_OBJC_WEAK = YES;
				CLANG_WARN_BLOCK_CAPTURE_AUTORELEASING = YES;
				CLANG_WARN_BOOL_CONVERSION = YES;
				CLANG_WARN_COMMA = YES;
				CLANG_WARN_CONSTANT_CONVERSION = YES;
				CLANG_WARN_DEPRECATED_OBJC_IMPLEMENTATIONS = YES;
				CLANG_WARN_DIRECT_OBJC_ISA_USAGE = YES_ERROR;
				CLANG_WARN_DOCUMENTATION_COMMENTS = YES;
				CLANG_WARN_EMPTY_BODY = YES;
				CLANG_WARN_ENUM_CONVERSION = YES;
				CLANG_WARN_INFINITE_RECURSION = YES;
				CLANG_WARN_INT_CONVERSION = YES;
				CLANG_WARN_NON_LITERAL_NULL_CONVERSION = YES;
				CLANG_WARN_OBJC_IMPLICIT_RETAIN_SELF = YES;
				CLANG_WARN_OBJC_LITERAL_CONVERSION = YES;
				CLANG_WARN_OBJC_ROOT_CLASS = YES_ERROR;
				CLANG_WARN_QUOTED_INCLUDE_IN_FRAMEWORK_HEADER = YES;
				CLANG_WARN_RANGE_LOOP_ANALYSIS = YES;
				CLANG_WARN_STRICT_PROTOTYPES = YES;
				CLANG_WARN_SUSPICIOUS_MOVE = YES;
				CLANG_WARN_UNGUARDED_AVAILABILITY = YES_AGGRESSIVE;
				CLANG_WARN_UNREACHABLE_CODE = YES;
				CLANG_WARN__DUPLICATE_METHOD_MATCH = YES;
				COPY_PHASE_STRIP = NO;
				DEBUG_INFORMATION_FORMAT = "dwarf-with-dsym";
				ENABLE_NS_ASSERTIONS = NO;
				ENABLE_STRICT_OBJC_MSGSEND = YES;
				ENABLE_USER_SCRIPT_SANDBOXING = YES;
				GCC_C_LANGUAGE_STANDARD = gnu17;
				GCC_NO_COMMON_BLOCKS = YES;
				GCC_WARN_64_TO_32_BIT_CONVERSION = YES;
				GCC_WARN_ABOUT_RETURN_TYPE = YES_ERROR;
				GCC_WARN_UNDECLARED_SELECTOR = YES;
				GCC_WARN_UNINITIALIZED_AUTOS = YES_AGGRESSIVE;
				GCC_WARN_UNUSED_FUNCTION = YES;
				GCC_WARN_UNUSED_VARIABLE = YES;
				IPHONEOS_DEPLOYMENT_TARGET = 17.0;
				LOCALIZATION_PREFERS_STRING_CATALOGS = YES;
				MTL_ENABLE_DEBUG_INFO = NO;
				MTL_FAST_MATH = YES;
				SDKROOT = iphoneos;
				SWIFT_COMPILATION_MODE = wholemodule;
				VALIDATE_PRODUCT = YES;
			};
			name = Release;
		};
		FF41EB122AD8CCBB002FD4A9 /* Debug */ = {
			isa = XCBuildConfiguration;
			buildSettings = {
				ASSETCATALOG_COMPILER_APPICON_NAME = AppIcon;
				ASSETCATALOG_COMPILER_GLOBAL_ACCENT_COLOR_NAME = AccentColor;
				CODE_SIGN_ENTITLEMENTS = EazyCal/EazyCal.entitlements;
				CODE_SIGN_STYLE = Automatic;
				CURRENT_PROJECT_VERSION = 1;
				DEVELOPMENT_ASSET_PATHS = "\"EazyCal/Preview Content\"";
				DEVELOPMENT_TEAM = KRY967CND6;
				ENABLE_PREVIEWS = YES;
				GENERATE_INFOPLIST_FILE = YES;
				INFOPLIST_FILE = EazyCal/Info.plist;
				INFOPLIST_KEY_UIApplicationSceneManifest_Generation = YES;
				INFOPLIST_KEY_UIApplicationSupportsIndirectInputEvents = YES;
				INFOPLIST_KEY_UILaunchScreen_Generation = YES;
				INFOPLIST_KEY_UIRequiresFullScreen = NO;
				INFOPLIST_KEY_UISupportedInterfaceOrientations = "UIInterfaceOrientationLandscapeLeft UIInterfaceOrientationLandscapeRight UIInterfaceOrientationPortrait";
				INFOPLIST_KEY_UISupportedInterfaceOrientations_iPad = "UIInterfaceOrientationLandscapeLeft UIInterfaceOrientationLandscapeRight UIInterfaceOrientationPortrait UIInterfaceOrientationPortraitUpsideDown";
				IPHONEOS_DEPLOYMENT_TARGET = 16.0;
				LD_RUNPATH_SEARCH_PATHS = (
					"$(inherited)",
					"@executable_path/Frameworks",
				);
				MARKETING_VERSION = 1.0;
				PRODUCT_BUNDLE_IDENTIFIER = com.sol.EazyCal;
				PRODUCT_NAME = "$(TARGET_NAME)";
				SUPPORTED_PLATFORMS = "iphoneos iphonesimulator";
				SUPPORTS_MACCATALYST = NO;
				SUPPORTS_MAC_DESIGNED_FOR_IPHONE_IPAD = YES;
				SWIFT_EMIT_LOC_STRINGS = YES;
				SWIFT_VERSION = 5.0;
				TARGETED_DEVICE_FAMILY = 2;
			};
			name = Debug;
		};
		FF41EB132AD8CCBB002FD4A9 /* Release */ = {
			isa = XCBuildConfiguration;
			buildSettings = {
				ASSETCATALOG_COMPILER_APPICON_NAME = AppIcon;
				ASSETCATALOG_COMPILER_GLOBAL_ACCENT_COLOR_NAME = AccentColor;
				CODE_SIGN_ENTITLEMENTS = EazyCal/EazyCal.entitlements;
				CODE_SIGN_STYLE = Automatic;
				CURRENT_PROJECT_VERSION = 1;
				DEVELOPMENT_ASSET_PATHS = "\"EazyCal/Preview Content\"";
				DEVELOPMENT_TEAM = KRY967CND6;
				ENABLE_PREVIEWS = YES;
				GENERATE_INFOPLIST_FILE = YES;
				INFOPLIST_FILE = EazyCal/Info.plist;
				INFOPLIST_KEY_UIApplicationSceneManifest_Generation = YES;
				INFOPLIST_KEY_UIApplicationSupportsIndirectInputEvents = YES;
				INFOPLIST_KEY_UILaunchScreen_Generation = YES;
				INFOPLIST_KEY_UIRequiresFullScreen = NO;
				INFOPLIST_KEY_UISupportedInterfaceOrientations = "UIInterfaceOrientationLandscapeLeft UIInterfaceOrientationLandscapeRight UIInterfaceOrientationPortrait";
				INFOPLIST_KEY_UISupportedInterfaceOrientations_iPad = "UIInterfaceOrientationLandscapeLeft UIInterfaceOrientationLandscapeRight UIInterfaceOrientationPortrait UIInterfaceOrientationPortraitUpsideDown";
				IPHONEOS_DEPLOYMENT_TARGET = 16.0;
				LD_RUNPATH_SEARCH_PATHS = (
					"$(inherited)",
					"@executable_path/Frameworks",
				);
				MARKETING_VERSION = 1.0;
				PRODUCT_BUNDLE_IDENTIFIER = com.sol.EazyCal;
				PRODUCT_NAME = "$(TARGET_NAME)";
				SUPPORTED_PLATFORMS = "iphoneos iphonesimulator";
				SUPPORTS_MACCATALYST = NO;
				SUPPORTS_MAC_DESIGNED_FOR_IPHONE_IPAD = YES;
				SWIFT_EMIT_LOC_STRINGS = YES;
				SWIFT_VERSION = 5.0;
				TARGETED_DEVICE_FAMILY = 2;
			};
			name = Release;
		};
/* End XCBuildConfiguration section */

/* Begin XCConfigurationList section */
		FF41EAF72AD8CCB9002FD4A9 /* Build configuration list for PBXProject "EazyCal" */ = {
			isa = XCConfigurationList;
			buildConfigurations = (
				FF41EB0F2AD8CCBB002FD4A9 /* Debug */,
				FF41EB102AD8CCBB002FD4A9 /* Release */,
			);
			defaultConfigurationIsVisible = 0;
			defaultConfigurationName = Release;
		};
		FF41EB112AD8CCBB002FD4A9 /* Build configuration list for PBXNativeTarget "EazyCal" */ = {
			isa = XCConfigurationList;
			buildConfigurations = (
				FF41EB122AD8CCBB002FD4A9 /* Debug */,
				FF41EB132AD8CCBB002FD4A9 /* Release */,
			);
			defaultConfigurationIsVisible = 0;
			defaultConfigurationName = Release;
		};
/* End XCConfigurationList section */

/* Begin XCVersionGroup section */
		FF41EB0A2AD8CCBB002FD4A9 /* EazyCal.xcdatamodeld */ = {
			isa = XCVersionGroup;
			children = (
				FF41EB0B2AD8CCBB002FD4A9 /* EazyCal.xcdatamodel */,
			);
			currentVersion = FF41EB0B2AD8CCBB002FD4A9 /* EazyCal.xcdatamodel */;
			path = EazyCal.xcdatamodeld;
			sourceTree = "<group>";
			versionGroupType = wrapper.xcdatamodel;
		};
/* End XCVersionGroup section */
	};
	rootObject = FF41EAF42AD8CCB9002FD4A9 /* Project object */;
}
